
Microsoft Visual Studio Solution File, Format Version 12.00
# Visual Studio Version 17
VisualStudioVersion = 17.11.35219.272
MinimumVisualStudioVersion = 10.0.40219.1
Project("{9A19103F-16F7-4668-BE54-9A1E7A4F7556}") = "BookingService", "..\project-booking\BookingService\BookingService.csproj", "{A50391BF-C5FE-457A-83B1-6463FE2C1816}"
EndProject
Project("{9A19103F-16F7-4668-BE54-9A1E7A4F7556}") = "Core", "..\project-booking\Core\Core.csproj", "{74EB4939-0699-4ADF-8A84-5C725B579697}"
EndProject
Global
	GlobalSection(SolutionConfigurationPlatforms) = preSolution
		Debug|Any CPU = Debug|Any CPU
		Release|Any CPU = Release|Any CPU
	EndGlobalSection
	GlobalSection(ProjectConfigurationPlatforms) = postSolution
		{A50391BF-C5FE-457A-83B1-6463FE2C1816}.Debug|Any CPU.ActiveCfg = Debug|Any CPU
		{A50391BF-C5FE-457A-83B1-6463FE2C1816}.Debug|Any CPU.Build.0 = Debug|Any CPU
		{A50391BF-C5FE-457A-83B1-6463FE2C1816}.Release|Any CPU.ActiveCfg = Release|Any CPU
		{A50391BF-C5FE-457A-83B1-6463FE2C1816}.Release|Any CPU.Build.0 = Release|Any CPU
		{74EB4939-0699-4ADF-8A84-5C725B579697}.Debug|Any CPU.ActiveCfg = Debug|Any CPU
		{74EB4939-0699-4ADF-8A84-5C725B579697}.Debug|Any CPU.Build.0 = Debug|Any CPU
		{74EB4939-0699-4ADF-8A84-5C725B579697}.Release|Any CPU.ActiveCfg = Release|Any CPU
		{74EB4939-0699-4ADF-8A84-5C725B579697}.Release|Any CPU.Build.0 = Release|Any CPU
	EndGlobalSection
	GlobalSection(SolutionProperties) = preSolution
		HideSolutionNode = FALSE
	EndGlobalSection
	GlobalSection(ExtensibilityGlobals) = postSolution
		SolutionGuid = {D4D885F2-C32A-4F8F-AF1D-A9BC9B968DAB}
	EndGlobalSection
EndGlobal
